{
  "name": "scriner",
  "version": "1.0.0",
  "lockfileVersion": 2,
  "requires": true,
  "packages": {
    "": {
      "version": "1.0.0",
      "license": "ISC",
      "dependencies": {
        "ccxt": "^1.84.42"
      }
    },
    "node_modules/ccxt": {
      "version": "1.84.42",
      "resolved": "https://registry.npmjs.org/ccxt/-/ccxt-1.84.42.tgz",
      "integrity": "sha512-OYC6RaA+D6VvWEvtJB6Zy1ifHVbTT8nvE4/M7Yb9mWMrfJhjWBEnNr8YZSH9JFtvJ6IYA5CSeSaba8rlkwIeFw==",
      "hasInstallScript": true,
      "engines": {
        "node": ">=10.4.0"
      }
    }
  },
  "dependencies": {
    "ccxt": {
      "version": "1.84.42",
      "resolved": "https://registry.npmjs.org/ccxt/-/ccxt-1.84.42.tgz",
      "integrity": "sha512-OYC6RaA+D6VvWEvtJB6Zy1ifHVbTT8nvE4/M7Yb9mWMrfJhjWBEnNr8YZSH9JFtvJ6IYA5CSeSaba8rlkwIeFw=="
    }
  }
}
